{
  "nodes": {
    "base16": {
      "inputs": {
        "flake-utils-plus": "flake-utils-plus",
        "nixpkgs": "nixpkgs"
      },
      "locked": {
        "lastModified": 1665506760,
        "narHash": "sha256-Rs3LH5qw91S8pCXBNqT2P+Nl4gI/5OqBJvA6WGun2n4=",
        "owner": "alukardbf",
        "repo": "base16-nix",
        "rev": "96b0826d8baf22873a2e8562a4cfc037e8182486",
        "type": "github"
      },
      "original": {
        "owner": "alukardbf",
        "repo": "base16-nix",
        "type": "github"
      }
    },
    "flake-utils": {
      "locked": {
        "lastModified": 1644229661,
        "narHash": "sha256-1YdnJAsNy69bpcjuoKdOYQX0YxZBiCYZo4Twxerqv7k=",
        "owner": "numtide",
        "repo": "flake-utils",
        "rev": "3cecb5b042f7f209c56ffd8371b2711a290ec797",
        "type": "github"
      },
      "original": {
        "owner": "numtide",
        "repo": "flake-utils",
        "type": "github"
      }
    },
    "flake-utils-plus": {
      "inputs": {
        "flake-utils": "flake-utils"
      },
      "locked": {
        "lastModified": 1657226504,
        "narHash": "sha256-GIYNjuq4mJlFgqKsZ+YrgzWm0IpA4axA3MCrdKYj7gs=",
        "owner": "gytis-ivaskevicius",
        "repo": "flake-utils-plus",
        "rev": "2bf0f91643c2e5ae38c1b26893ac2927ac9bd82a",
        "type": "github"
      },
      "original": {
        "owner": "gytis-ivaskevicius",
        "repo": "flake-utils-plus",
        "type": "github"
      }
    },
    "home-manager": {
      "inputs": {
        "nixpkgs": [
          "nixpkgs"
        ]
      },
      "locked": {
        "lastModified": 1695108154,
        "narHash": "sha256-gSg7UTVtls2yO9lKtP0yb66XBHT1Fx5qZSZbGMpSn2c=",
        "owner": "nix-community",
        "repo": "home-manager",
        "rev": "07682fff75d41f18327a871088d20af2710d4744",
        "type": "github"
      },
      "original": {
        "owner": "nix-community",
        "ref": "release-23.05",
        "repo": "home-manager",
        "type": "github"
      }
    },
    "nixpkgs": {
      "locked": {
        "lastModified": 1665466769,
        "narHash": "sha256-L+qcHpb4Ac3PipMXJY/Ktbu1+KXy23WCZ8pXWmsf7zY=",
        "owner": "nixos",
        "repo": "nixpkgs",
        "rev": "0b20bf89e0035b6d62ad58f9db8fdbc99c2b01e8",
        "type": "github"
      },
      "original": {
        "owner": "nixos",
        "ref": "release-22.05",
        "repo": "nixpkgs",
        "type": "github"
      }
    },
    "nixpkgs_2": {
      "locked": {
        "lastModified": 1695559356,
        "narHash": "sha256-kXZ1pUoImD9OEbPCwpTz4tHsNTr4CIyIfXb3ocuR8sI=",
        "owner": "NixOS",
        "repo": "nixpkgs",
        "rev": "261abe8a44a7e8392598d038d2e01f7b33cf26d0",
        "type": "github"
      },
      "original": {
        "owner": "NixOS",
        "ref": "nixos-23.05",
        "repo": "nixpkgs",
        "type": "github"
      }
    },
    "nur": {
      "locked": {
        "lastModified": 1695839762,
        "narHash": "sha256-DCcINuxxbDeq2YXMKnfT2V0xrVXN0GoSceSvouVCJ2A=",
        "owner": "nix-community",
        "repo": "NUR",
        "rev": "b71da42d79d53c2110c043cac02a6d62fc1edf62",
        "type": "github"
      },
      "original": {
        "owner": "nix-community",
        "repo": "NUR",
        "type": "github"
      }
    },
    "root": {
      "inputs": {
        "base16": "base16",
        "home-manager": "home-manager",
        "nixpkgs": "nixpkgs_2",
        "nur": "nur",
        "unstable": "unstable"
      }
    },
    "unstable": {
      "locked": {
        "lastModified": 1695839789,
        "narHash": "sha256-IqHxiRrMKHv/FSkEEqHwO4Rmq3s+bzk+2ZELiTiRIrM=",
        "owner": "NixOS",
        "repo": "nixpkgs",
        "rev": "fa810ed10a71e6a41f343ae352ac30ed6cc92efa",
        "type": "github"
      },
      "original": {
        "owner": "NixOS",
        "repo": "nixpkgs",
        "type": "github"
      }
    }
  },
  "root": "root",
  "version": 7
}
